
Microsoft Visual Studio Solution File, Format Version 12.00
# Visual Studio 15
VisualStudioVersion = 15.0.27428.2015
MinimumVisualStudioVersion = 10.0.40219.1
Project("{FAE04EC0-301F-11D3-BF4B-00C04F79EFBC}") = "Vidly", "Vidly\Vidly.csproj", "{30D3D03F-B963-400B-9733-4431FDB7E5F3}"
EndProject
Global
	GlobalSection(SolutionConfigurationPlatforms) = preSolution
		Debug|Any CPU = Debug|Any CPU
		Release|Any CPU = Release|Any CPU
	EndGlobalSection
	GlobalSection(ProjectConfigurationPlatforms) = postSolution
		{30D3D03F-B963-400B-9733-4431FDB7E5F3}.Debug|Any CPU.ActiveCfg = Debug|Any CPU
		{30D3D03F-B963-400B-9733-4431FDB7E5F3}.Debug|Any CPU.Build.0 = Debug|Any CPU
		{30D3D03F-B963-400B-9733-4431FDB7E5F3}.Release|Any CPU.ActiveCfg = Release|Any CPU
		{30D3D03F-B963-400B-9733-4431FDB7E5F3}.Release|Any CPU.Build.0 = Release|Any CPU
	EndGlobalSection
	GlobalSection(SolutionProperties) = preSolution
		HideSolutionNode = FALSE
	EndGlobalSection
	GlobalSection(ExtensibilityGlobals) = postSolution
		SolutionGuid = {1861FBFA-1CC4-4389-8C22-4A974664D74F}
	EndGlobalSection
EndGlobal
